// !$*UTF8*$!
{
	archiveVersion = 1;
	classes = {
	};
	objectVersion = 46;
	objects = {

/* Begin PBXBuildFile section */
		4A4400111DAB8000006B00C7 /* JPHome.storyboard in Resources */ = {isa = PBXBuildFile; fileRef = 4A44000F1DAB8000006B00C7 /* JPHome.storyboard */; };
		4A4400191DAB85A8006B00C7 /* JPMessage.storyboard in Resources */ = {isa = PBXBuildFile; fileRef = 4A4400171DAB85A8006B00C7 /* JPMessage.storyboard */; };
		4A44001C1DAB85BE006B00C7 /* JPDiscover.storyboard in Resources */ = {isa = PBXBuildFile; fileRef = 4A44001A1DAB85BE006B00C7 /* JPDiscover.storyboard */; };
		4A44001F1DAB85D2006B00C7 /* JPProfile.storyboard in Resources */ = {isa = PBXBuildFile; fileRef = 4A44001D1DAB85D2006B00C7 /* JPProfile.storyboard */; };
		4A4400281DAB8699006B00C7 /* JPCompose.storyboard in Resources */ = {isa = PBXBuildFile; fileRef = 4A4400271DAB8699006B00C7 /* JPCompose.storyboard */; };
		4A44FFB51DAB631C006B00C7 /* Main.storyboard in Resources */ = {isa = PBXBuildFile; fileRef = 4A44FFB31DAB631C006B00C7 /* Main.storyboard */; };
		4A44FFB71DAB631C006B00C7 /* Assets.xcassets in Resources */ = {isa = PBXBuildFile; fileRef = 4A44FFB61DAB631C006B00C7 /* Assets.xcassets */; };
		4A44FFBA1DAB631C006B00C7 /* LaunchScreen.storyboard in Resources */ = {isa = PBXBuildFile; fileRef = 4A44FFB81DAB631C006B00C7 /* LaunchScreen.storyboard */; };
		4A44FFDF1DAB6344006B00C7 /* JPDiscoverViewController.swift in Sources */ = {isa = PBXBuildFile; fileRef = 4A44FFC41DAB6344006B00C7 /* JPDiscoverViewController.swift */; };
		4A44FFE01DAB6344006B00C7 /* JPHomeViewController.swift in Sources */ = {isa = PBXBuildFile; fileRef = 4A44FFCA1DAB6344006B00C7 /* JPHomeViewController.swift */; };
		4A44FFE11DAB6344006B00C7 /* JPMainViewController.swift in Sources */ = {isa = PBXBuildFile; fileRef = 4A44FFD01DAB6344006B00C7 /* JPMainViewController.swift */; };
		4A44FFE21DAB6344006B00C7 /* MainVCSettings.json in Resources */ = {isa = PBXBuildFile; fileRef = 4A44FFD11DAB6344006B00C7 /* MainVCSettings.json */; };
		4A44FFE31DAB6344006B00C7 /* JPMessageViewController.swift in Sources */ = {isa = PBXBuildFile; fileRef = 4A44FFD61DAB6344006B00C7 /* JPMessageViewController.swift */; };
		4A44FFE41DAB6344006B00C7 /* JPProfileViewController.swift in Sources */ = {isa = PBXBuildFile; fileRef = 4A44FFDC1DAB6344006B00C7 /* JPProfileViewController.swift */; };
		4A44FFE61DAB6357006B00C7 /* AppDelegate.swift in Sources */ = {isa = PBXBuildFile; fileRef = 4A44FFE51DAB6357006B00C7 /* AppDelegate.swift */; };
		4AE5054F1DAC77EF00CBBB41 /* UIButtonExtension.swift in Sources */ = {isa = PBXBuildFile; fileRef = 4AE5054E1DAC77EF00CBBB41 /* UIButtonExtension.swift */; };
		4AE505521DAC7BE000CBBB41 /* JPBaseViewController.swift in Sources */ = {isa = PBXBuildFile; fileRef = 4AE505511DAC7BE000CBBB41 /* JPBaseViewController.swift */; };
		4AE505541DAC7C6800CBBB41 /* JPVisitorView.swift in Sources */ = {isa = PBXBuildFile; fileRef = 4AE505531DAC7C6800CBBB41 /* JPVisitorView.swift */; };
		4AE505561DAC7C7400CBBB41 /* JPVisitorView.xib in Resources */ = {isa = PBXBuildFile; fileRef = 4AE505551DAC7C7400CBBB41 /* JPVisitorView.xib */; };
/* End PBXBuildFile section */

/* Begin PBXFileReference section */
		4A4400101DAB8000006B00C7 /* Base */ = {isa = PBXFileReference; lastKnownFileType = file.storyboard; name = Base; path = JPWB/Base.lproj/JPHome.storyboard; sourceTree = SOURCE_ROOT; };
		4A4400181DAB85A8006B00C7 /* Base */ = {isa = PBXFileReference; lastKnownFileType = file.storyboard; name = Base; path = JPWB/Base.lproj/JPMessage.storyboard; sourceTree = SOURCE_ROOT; };
		4A44001B1DAB85BE006B00C7 /* Base */ = {isa = PBXFileReference; lastKnownFileType = file.storyboard; name = Base; path = JPWB/Base.lproj/JPDiscover.storyboard; sourceTree = SOURCE_ROOT; };
		4A44001E1DAB85D2006B00C7 /* Base */ = {isa = PBXFileReference; lastKnownFileType = file.storyboard; name = Base; path = JPWB/Base.lproj/JPProfile.storyboard; sourceTree = SOURCE_ROOT; };
		4A4400271DAB8699006B00C7 /* JPCompose.storyboard */ = {isa = PBXFileReference; fileEncoding = 4; lastKnownFileType = file.storyboard; path = JPCompose.storyboard; sourceTree = "<group>"; };
		4A44FFAC1DAB631C006B00C7 /* JPWB.app */ = {isa = PBXFileReference; explicitFileType = wrapper.application; includeInIndex = 0; path = JPWB.app; sourceTree = BUILT_PRODUCTS_DIR; };
		4A44FFB41DAB631C006B00C7 /* Base */ = {isa = PBXFileReference; lastKnownFileType = file.storyboard; name = Base; path = Base.lproj/Main.storyboard; sourceTree = "<group>"; };
		4A44FFB61DAB631C006B00C7 /* Assets.xcassets */ = {isa = PBXFileReference; lastKnownFileType = folder.assetcatalog; path = Assets.xcassets; sourceTree = "<group>"; };
		4A44FFB91DAB631C006B00C7 /* Base */ = {isa = PBXFileReference; lastKnownFileType = file.storyboard; name = Base; path = Base.lproj/LaunchScreen.storyboard; sourceTree = "<group>"; };
		4A44FFBB1DAB631C006B00C7 /* Info.plist */ = {isa = PBXFileReference; lastKnownFileType = text.plist.xml; path = Info.plist; sourceTree = "<group>"; };
		4A44FFC41DAB6344006B00C7 /* JPDiscoverViewController.swift */ = {isa = PBXFileReference; fileEncoding = 4; lastKnownFileType = sourcecode.swift; path = JPDiscoverViewController.swift; sourceTree = "<group>"; };
		4A44FFCA1DAB6344006B00C7 /* JPHomeViewController.swift */ = {isa = PBXFileReference; fileEncoding = 4; lastKnownFileType = sourcecode.swift; path = JPHomeViewController.swift; sourceTree = "<group>"; };
		4A44FFD01DAB6344006B00C7 /* JPMainViewController.swift */ = {isa = PBXFileReference; fileEncoding = 4; lastKnownFileType = sourcecode.swift; path = JPMainViewController.swift; sourceTree = "<group>"; };
		4A44FFD11DAB6344006B00C7 /* MainVCSettings.json */ = {isa = PBXFileReference; fileEncoding = 4; lastKnownFileType = text.json; path = MainVCSettings.json; sourceTree = "<group>"; };
		4A44FFD61DAB6344006B00C7 /* JPMessageViewController.swift */ = {isa = PBXFileReference; fileEncoding = 4; lastKnownFileType = sourcecode.swift; path = JPMessageViewController.swift; sourceTree = "<group>"; };
		4A44FFDC1DAB6344006B00C7 /* JPProfileViewController.swift */ = {isa = PBXFileReference; fileEncoding = 4; lastKnownFileType = sourcecode.swift; path = JPProfileViewController.swift; sourceTree = "<group>"; };
		4A44FFE51DAB6357006B00C7 /* AppDelegate.swift */ = {isa = PBXFileReference; fileEncoding = 4; lastKnownFileType = sourcecode.swift; path = AppDelegate.swift; sourceTree = "<group>"; };
		4AE5054E1DAC77EF00CBBB41 /* UIButtonExtension.swift */ = {isa = PBXFileReference; fileEncoding = 4; lastKnownFileType = sourcecode.swift; path = UIButtonExtension.swift; sourceTree = "<group>"; };
		4AE505511DAC7BE000CBBB41 /* JPBaseViewController.swift */ = {isa = PBXFileReference; fileEncoding = 4; lastKnownFileType = sourcecode.swift; path = JPBaseViewController.swift; sourceTree = "<group>"; };
		4AE505531DAC7C6800CBBB41 /* JPVisitorView.swift */ = {isa = PBXFileReference; fileEncoding = 4; lastKnownFileType = sourcecode.swift; path = JPVisitorView.swift; sourceTree = "<group>"; };
		4AE505551DAC7C7400CBBB41 /* JPVisitorView.xib */ = {isa = PBXFileReference; fileEncoding = 4; lastKnownFileType = file.xib; path = JPVisitorView.xib; sourceTree = "<group>"; };
/* End PBXFileReference section */

/* Begin PBXFrameworksBuildPhase section */
		4A44FFA91DAB631C006B00C7 /* Frameworks */ = {
			isa = PBXFrameworksBuildPhase;
			buildActionMask = 2147483647;
			files = (
			);
			runOnlyForDeploymentPostprocessing = 0;
		};
/* End PBXFrameworksBuildPhase section */

/* Begin PBXGroup section */
		4A4400201DAB8654006B00C7 /* Compose(发布) */ = {
			isa = PBXGroup;
			children = (
				4A4400211DAB8654006B00C7 /* Controllers */,
				4A4400221DAB8654006B00C7 /* Models */,
				4A4400231DAB8654006B00C7 /* Views */,
			);
			path = "Compose(发布)";
			sourceTree = "<group>";
		};
		4A4400211DAB8654006B00C7 /* Controllers */ = {
			isa = PBXGroup;
			children = (
				4A4400271DAB8699006B00C7 /* JPCompose.storyboard */,
			);
			path = Controllers;
			sourceTree = "<group>";
		};
		4A4400221DAB8654006B00C7 /* Models */ = {
			isa = PBXGroup;
			children = (
			);
			path = Models;
			sourceTree = "<group>";
		};
		4A4400231DAB8654006B00C7 /* Views */ = {
			isa = PBXGroup;
			children = (
			);
			path = Views;
			sourceTree = "<group>";
		};
		4A44FFA31DAB631C006B00C7 = {
			isa = PBXGroup;
			children = (
				4A44FFAE1DAB631C006B00C7 /* JPWB */,
				4A44FFAD1DAB631C006B00C7 /* Products */,
			);
			sourceTree = "<group>";
		};
		4A44FFAD1DAB631C006B00C7 /* Products */ = {
			isa = PBXGroup;
			children = (
				4A44FFAC1DAB631C006B00C7 /* JPWB.app */,
			);
			name = Products;
			sourceTree = "<group>";
		};
		4A44FFAE1DAB631C006B00C7 /* JPWB */ = {
			isa = PBXGroup;
			children = (
				4A44FFE51DAB6357006B00C7 /* AppDelegate.swift */,
				4A44FFC11DAB6344006B00C7 /* Classes */,
				4A44FFB31DAB631C006B00C7 /* Main.storyboard */,
				4A44FFB61DAB631C006B00C7 /* Assets.xcassets */,
				4A44FFB81DAB631C006B00C7 /* LaunchScreen.storyboard */,
				4A44FFBB1DAB631C006B00C7 /* Info.plist */,
			);
			path = JPWB;
			sourceTree = "<group>";
		};
		4A44FFC11DAB6344006B00C7 /* Classes */ = {
			isa = PBXGroup;
			children = (
				4A44FFCE1DAB6344006B00C7 /* Main(主要) */,
				4A44FFC81DAB6344006B00C7 /* Home(首页) */,
				4A44FFD41DAB6344006B00C7 /* Message(消息) */,
				4A4400201DAB8654006B00C7 /* Compose(发布) */,
				4A44FFC21DAB6344006B00C7 /* Discover(发现) */,
				4A44FFDA1DAB6344006B00C7 /* Profile(我) */,
				4A44FFC71DAB6344006B00C7 /* Extension(分类) */,
				4A44FFCD1DAB6344006B00C7 /* LIbs(第三方) */,
				4A44FFD91DAB6344006B00C7 /* Others(其他) */,
			);
			path = Classes;
			sourceTree = "<group>";
		};
		4A44FFC21DAB6344006B00C7 /* Discover(发现) */ = {
			isa = PBXGroup;
			children = (
				4A44FFC31DAB6344006B00C7 /* Controllers */,
				4A44FFC51DAB6344006B00C7 /* Models */,
				4A44FFC61DAB6344006B00C7 /* Views */,
			);
			path = "Discover(发现)";
			sourceTree = "<group>";
		};
		4A44FFC31DAB6344006B00C7 /* Controllers */ = {
			isa = PBXGroup;
			children = (
				4A44FFC41DAB6344006B00C7 /* JPDiscoverViewController.swift */,
				4A44001A1DAB85BE006B00C7 /* JPDiscover.storyboard */,
			);
			path = Controllers;
			sourceTree = "<group>";
		};
		4A44FFC51DAB6344006B00C7 /* Models */ = {
			isa = PBXGroup;
			children = (
			);
			path = Models;
			sourceTree = "<group>";
		};
		4A44FFC61DAB6344006B00C7 /* Views */ = {
			isa = PBXGroup;
			children = (
			);
			path = Views;
			sourceTree = "<group>";
		};
		4A44FFC71DAB6344006B00C7 /* Extension(分类) */ = {
			isa = PBXGroup;
			children = (
				4AE5054E1DAC77EF00CBBB41 /* UIButtonExtension.swift */,
			);
			path = "Extension(分类)";
			sourceTree = "<group>";
		};
		4A44FFC81DAB6344006B00C7 /* Home(首页) */ = {
			isa = PBXGroup;
			children = (
				4A44FFC91DAB6344006B00C7 /* Controllers */,
				4A44FFCB1DAB6344006B00C7 /* Models */,
				4A44FFCC1DAB6344006B00C7 /* Views */,
			);
			path = "Home(首页)";
			sourceTree = "<group>";
		};
		4A44FFC91DAB6344006B00C7 /* Controllers */ = {
			isa = PBXGroup;
			children = (
				4A44FFCA1DAB6344006B00C7 /* JPHomeViewController.swift */,
				4A44000F1DAB8000006B00C7 /* JPHome.storyboard */,
			);
			path = Controllers;
			sourceTree = "<group>";
		};
		4A44FFCB1DAB6344006B00C7 /* Models */ = {
			isa = PBXGroup;
			children = (
			);
			path = Models;
			sourceTree = "<group>";
		};
		4A44FFCC1DAB6344006B00C7 /* Views */ = {
			isa = PBXGroup;
			children = (
			);
			path = Views;
			sourceTree = "<group>";
		};
		4A44FFCD1DAB6344006B00C7 /* LIbs(第三方) */ = {
			isa = PBXGroup;
			children = (
			);
			path = "LIbs(第三方)";
			sourceTree = "<group>";
		};
		4A44FFCE1DAB6344006B00C7 /* Main(主要) */ = {
			isa = PBXGroup;
			children = (
				4AE505501DAC7B9000CBBB41 /* Visitor */,
				4A44FFCF1DAB6344006B00C7 /* Controllers */,
				4A44FFD21DAB6344006B00C7 /* Models */,
				4A44FFD31DAB6344006B00C7 /* Views */,
			);
			path = "Main(主要)";
			sourceTree = "<group>";
		};
		4A44FFCF1DAB6344006B00C7 /* Controllers */ = {
			isa = PBXGroup;
			children = (
				4A44FFD01DAB6344006B00C7 /* JPMainViewController.swift */,
				4A44FFD11DAB6344006B00C7 /* MainVCSettings.json */,
			);
			path = Controllers;
			sourceTree = "<group>";
		};
		4A44FFD21DAB6344006B00C7 /* Models */ = {
			isa = PBXGroup;
			children = (
			);
			path = Models;
			sourceTree = "<group>";
		};
		4A44FFD31DAB6344006B00C7 /* Views */ = {
			isa = PBXGroup;
			children = (
			);
			path = Views;
			sourceTree = "<group>";
		};
		4A44FFD41DAB6344006B00C7 /* Message(消息) */ = {
			isa = PBXGroup;
			children = (
				4A44FFD51DAB6344006B00C7 /* Controllers */,
				4A44FFD71DAB6344006B00C7 /* Models */,
				4A44FFD81DAB6344006B00C7 /* Views */,
			);
			path = "Message(消息)";
			sourceTree = "<group>";
		};
		4A44FFD51DAB6344006B00C7 /* Controllers */ = {
			isa = PBXGroup;
			children = (
				4A44FFD61DAB6344006B00C7 /* JPMessageViewController.swift */,
				4A4400171DAB85A8006B00C7 /* JPMessage.storyboard */,
			);
			path = Controllers;
			sourceTree = "<group>";
		};
		4A44FFD71DAB6344006B00C7 /* Models */ = {
			isa = PBXGroup;
			children = (
			);
			path = Models;
			sourceTree = "<group>";
		};
		4A44FFD81DAB6344006B00C7 /* Views */ = {
			isa = PBXGroup;
			children = (
			);
			path = Views;
			sourceTree = "<group>";
		};
		4A44FFD91DAB6344006B00C7 /* Others(其他) */ = {
			isa = PBXGroup;
			children = (
			);
			path = "Others(其他)";
			sourceTree = "<group>";
		};
		4A44FFDA1DAB6344006B00C7 /* Profile(我) */ = {
			isa = PBXGroup;
			children = (
				4A44FFDB1DAB6344006B00C7 /* Controllers */,
				4A44FFDD1DAB6344006B00C7 /* Models */,
				4A44FFDE1DAB6344006B00C7 /* Views */,
			);
			path = "Profile(我)";
			sourceTree = "<group>";
		};
		4A44FFDB1DAB6344006B00C7 /* Controllers */ = {
			isa = PBXGroup;
			children = (
				4A44FFDC1DAB6344006B00C7 /* JPProfileViewController.swift */,
				4A44001D1DAB85D2006B00C7 /* JPProfile.storyboard */,
			);
			path = Controllers;
			sourceTree = "<group>";
		};
		4A44FFDD1DAB6344006B00C7 /* Models */ = {
			isa = PBXGroup;
			children = (
			);
			path = Models;
			sourceTree = "<group>";
		};
		4A44FFDE1DAB6344006B00C7 /* Views */ = {
			isa = PBXGroup;
			children = (
			);
			path = Views;
			sourceTree = "<group>";
		};
		4AE505501DAC7B9000CBBB41 /* Visitor */ = {
			isa = PBXGroup;
			children = (
				4AE505511DAC7BE000CBBB41 /* JPBaseViewController.swift */,
				4AE505531DAC7C6800CBBB41 /* JPVisitorView.swift */,
				4AE505551DAC7C7400CBBB41 /* JPVisitorView.xib */,
			);
			path = Visitor;
			sourceTree = "<group>";
		};
/* End PBXGroup section */

/* Begin PBXNativeTarget section */
		4A44FFAB1DAB631C006B00C7 /* JPWB */ = {
			isa = PBXNativeTarget;
			buildConfigurationList = 4A44FFBE1DAB631C006B00C7 /* Build configuration list for PBXNativeTarget "JPWB" */;
			buildPhases = (
				4A44FFA81DAB631C006B00C7 /* Sources */,
				4A44FFA91DAB631C006B00C7 /* Frameworks */,
				4A44FFAA1DAB631C006B00C7 /* Resources */,
			);
			buildRules = (
			);
			dependencies = (
			);
			name = JPWB;
			productName = JPWB;
			productReference = 4A44FFAC1DAB631C006B00C7 /* JPWB.app */;
			productType = "com.apple.product-type.application";
		};
/* End PBXNativeTarget section */

/* Begin PBXProject section */
		4A44FFA41DAB631C006B00C7 /* Project object */ = {
			isa = PBXProject;
			attributes = {
				CLASSPREFIX = JP;
				LastSwiftUpdateCheck = 0800;
				LastUpgradeCheck = 0800;
				ORGANIZATIONNAME = KC;
				TargetAttributes = {
					4A44FFAB1DAB631C006B00C7 = {
						CreatedOnToolsVersion = 8.0;
						DevelopmentTeam = 5J32R9MXM2;
						ProvisioningStyle = Automatic;
					};
				};
			};
			buildConfigurationList = 4A44FFA71DAB631C006B00C7 /* Build configuration list for PBXProject "JPWB" */;
			compatibilityVersion = "Xcode 3.2";
			developmentRegion = English;
			hasScannedForEncodings = 0;
			knownRegions = (
				en,
				Base,
			);
			mainGroup = 4A44FFA31DAB631C006B00C7;
			productRefGroup = 4A44FFAD1DAB631C006B00C7 /* Products */;
			projectDirPath = "";
			projectRoot = "";
			targets = (
				4A44FFAB1DAB631C006B00C7 /* JPWB */,
			);
		};
/* End PBXProject section */

/* Begin PBXResourcesBuildPhase section */
		4A44FFAA1DAB631C006B00C7 /* Resources */ = {
			isa = PBXResourcesBuildPhase;
			buildActionMask = 2147483647;
			files = (
				4A44FFBA1DAB631C006B00C7 /* LaunchScreen.storyboard in Resources */,
				4A44001C1DAB85BE006B00C7 /* JPDiscover.storyboard in Resources */,
				4A44FFB71DAB631C006B00C7 /* Assets.xcassets in Resources */,
				4A44FFE21DAB6344006B00C7 /* MainVCSettings.json in Resources */,
				4A4400111DAB8000006B00C7 /* JPHome.storyboard in Resources */,
				4AE505561DAC7C7400CBBB41 /* JPVisitorView.xib in Resources */,
				4A4400281DAB8699006B00C7 /* JPCompose.storyboard in Resources */,
				4A4400191DAB85A8006B00C7 /* JPMessage.storyboard in Resources */,
				4A44001F1DAB85D2006B00C7 /* JPProfile.storyboard in Resources */,
				4A44FFB51DAB631C006B00C7 /* Main.storyboard in Resources */,
			);
			runOnlyForDeploymentPostprocessing = 0;
		};
/* End PBXResourcesBuildPhase section */

/* Begin PBXSourcesBuildPhase section */
		4A44FFA81DAB631C006B00C7 /* Sources */ = {
			isa = PBXSourcesBuildPhase;
			buildActionMask = 2147483647;
			files = (
				4A44FFE61DAB6357006B00C7 /* AppDelegate.swift in Sources */,
				4AE505521DAC7BE000CBBB41 /* JPBaseViewController.swift in Sources */,
				4A44FFDF1DAB6344006B00C7 /* JPDiscoverViewController.swift in Sources */,
				4A44FFE01DAB6344006B00C7 /* JPHomeViewController.swift in Sources */,
				4A44FFE11DAB6344006B00C7 /* JPMainViewController.swift in Sources */,
				4AE505541DAC7C6800CBBB41 /* JPVisitorView.swift in Sources */,
				4AE5054F1DAC77EF00CBBB41 /* UIButtonExtension.swift in Sources */,
				4A44FFE41DAB6344006B00C7 /* JPProfileViewController.swift in Sources */,
				4A44FFE31DAB6344006B00C7 /* JPMessageViewController.swift in Sources */,
			);
			runOnlyForDeploymentPostprocessing = 0;
		};
/* End PBXSourcesBuildPhase section */

/* Begin PBXVariantGroup section */
		4A44000F1DAB8000006B00C7 /* JPHome.storyboard */ = {
			isa = PBXVariantGroup;
			children = (
				4A4400101DAB8000006B00C7 /* Base */,
			);
			name = JPHome.storyboard;
			sourceTree = "<group>";
		};
		4A4400171DAB85A8006B00C7 /* JPMessage.storyboard */ = {
			isa = PBXVariantGroup;
			children = (
				4A4400181DAB85A8006B00C7 /* Base */,
			);
			name = JPMessage.storyboard;
			sourceTree = "<group>";
		};
		4A44001A1DAB85BE006B00C7 /* JPDiscover.storyboard */ = {
			isa = PBXVariantGroup;
			children = (
				4A44001B1DAB85BE006B00C7 /* Base */,
			);
			name = JPDiscover.storyboard;
			sourceTree = "<group>";
		};
		4A44001D1DAB85D2006B00C7 /* JPProfile.storyboard */ = {
			isa = PBXVariantGroup;
			children = (
				4A44001E1DAB85D2006B00C7 /* Base */,
			);
			name = JPProfile.storyboard;
			sourceTree = "<group>";
		};
		4A44FFB31DAB631C006B00C7 /* Main.storyboard */ = {
			isa = PBXVariantGroup;
			children = (
				4A44FFB41DAB631C006B00C7 /* Base */,
			);
			name = Main.storyboard;
			sourceTree = "<group>";
		};
		4A44FFB81DAB631C006B00C7 /* LaunchScreen.storyboard */ = {
			isa = PBXVariantGroup;
			children = (
				4A44FFB91DAB631C006B00C7 /* Base */,
			);
			name = LaunchScreen.storyboard;
			sourceTree = "<group>";
		};
/* End PBXVariantGroup section */

/* Begin XCBuildConfiguration section */
		4A44FFBC1DAB631C006B00C7 /* Debug */ = {
			isa = XCBuildConfiguration;
			buildSettings = {
				ALWAYS_SEARCH_USER_PATHS = NO;
				CLANG_ANALYZER_NONNULL = YES;
				CLANG_CXX_LANGUAGE_STANDARD = "gnu++0x";
				CLANG_CXX_LIBRARY = "libc++";
				CLANG_ENABLE_MODULES = YES;
				CLANG_ENABLE_OBJC_ARC = YES;
				CLANG_WARN_BOOL_CONVERSION = YES;
				CLANG_WARN_CONSTANT_CONVERSION = YES;
				CLANG_WARN_DIRECT_OBJC_ISA_USAGE = YES_ERROR;
				CLANG_WARN_DOCUMENTATION_COMMENTS = YES;
				CLANG_WARN_EMPTY_BODY = YES;
				CLANG_WARN_ENUM_CONVERSION = YES;
				CLANG_WARN_INFINITE_RECURSION = YES;
				CLANG_WARN_INT_CONVERSION = YES;
				CLANG_WARN_OBJC_ROOT_CLASS = YES_ERROR;
				CLANG_WARN_SUSPICIOUS_MOVES = YES;
				CLANG_WARN_UNREACHABLE_CODE = YES;
				CLANG_WARN__DUPLICATE_METHOD_MATCH = YES;
				"CODE_SIGN_IDENTITY[sdk=iphoneos*]" = "iPhone Developer";
				COPY_PHASE_STRIP = NO;
				DEBUG_INFORMATION_FORMAT = dwarf;
				ENABLE_STRICT_OBJC_MSGSEND = YES;
				ENABLE_TESTABILITY = YES;
				GCC_C_LANGUAGE_STANDARD = gnu99;
				GCC_DYNAMIC_NO_PIC = NO;
				GCC_NO_COMMON_BLOCKS = YES;
				GCC_OPTIMIZATION_LEVEL = 0;
				GCC_PREPROCESSOR_DEFINITIONS = (
					"DEBUG=1",
					"$(inherited)",
				);
				GCC_WARN_64_TO_32_BIT_CONVERSION = YES;
				GCC_WARN_ABOUT_RETURN_TYPE = YES_ERROR;
				GCC_WARN_UNDECLARED_SELECTOR = YES;
				GCC_WARN_UNINITIALIZED_AUTOS = YES_AGGRESSIVE;
				GCC_WARN_UNUSED_FUNCTION = YES;
				GCC_WARN_UNUSED_VARIABLE = YES;
				IPHONEOS_DEPLOYMENT_TARGET = 10.0;
				MTL_ENABLE_DEBUG_INFO = YES;
				ONLY_ACTIVE_ARCH = YES;
				SDKROOT = iphoneos;
				SWIFT_ACTIVE_COMPILATION_CONDITIONS = DEBUG;
				SWIFT_OPTIMIZATION_LEVEL = "-Onone";
			};
			name = Debug;
		};
		4A44FFBD1DAB631C006B00C7 /* Release */ = {
			isa = XCBuildConfiguration;
			buildSettings = {
				ALWAYS_SEARCH_USER_PATHS = NO;
				CLANG_ANALYZER_NONNULL = YES;
				CLANG_CXX_LANGUAGE_STANDARD = "gnu++0x";
				CLANG_CXX_LIBRARY = "libc++";
				CLANG_ENABLE_MODULES = YES;
				CLANG_ENABLE_OBJC_ARC = YES;
				CLANG_WARN_BOOL_CONVERSION = YES;
				CLANG_WARN_CONSTANT_CONVERSION = YES;
				CLANG_WARN_DIRECT_OBJC_ISA_USAGE = YES_ERROR;
				CLANG_WARN_DOCUMENTATION_COMMENTS = YES;
				CLANG_WARN_EMPTY_BODY = YES;
				CLANG_WARN_ENUM_CONVERSION = YES;
				CLANG_WARN_INFINITE_RECURSION = YES;
				CLANG_WARN_INT_CONVERSION = YES;
				CLANG_WARN_OBJC_ROOT_CLASS = YES_ERROR;
				CLANG_WARN_SUSPICIOUS_MOVES = YES;
				CLANG_WARN_UNREACHABLE_CODE = YES;
				CLANG_WARN__DUPLICATE_METHOD_MATCH = YES;
				"CODE_SIGN_IDENTITY[sdk=iphoneos*]" = "iPhone Developer";
				COPY_PHASE_STRIP = NO;
				DEBUG_INFORMATION_FORMAT = "dwarf-with-dsym";
				ENABLE_NS_ASSERTIONS = NO;
				ENABLE_STRICT_OBJC_MSGSEND = YES;
				GCC_C_LANGUAGE_STANDARD = gnu99;
				GCC_NO_COMMON_BLOCKS = YES;
				GCC_WARN_64_TO_32_BIT_CONVERSION = YES;
				GCC_WARN_ABOUT_RETURN_TYPE = YES_ERROR;
				GCC_WARN_UNDECLARED_SELECTOR = YES;
				GCC_WARN_UNINITIALIZED_AUTOS = YES_AGGRESSIVE;
				GCC_WARN_UNUSED_FUNCTION = YES;
				GCC_WARN_UNUSED_VARIABLE = YES;
				IPHONEOS_DEPLOYMENT_TARGET = 10.0;
				MTL_ENABLE_DEBUG_INFO = NO;
				SDKROOT = iphoneos;
				SWIFT_OPTIMIZATION_LEVEL = "-Owholemodule";
				VALIDATE_PRODUCT = YES;
			};
			name = Release;
		};
		4A44FFBF1DAB631C006B00C7 /* Debug */ = {
			isa = XCBuildConfiguration;
			buildSettings = {
				ASSETCATALOG_COMPILER_APPICON_NAME = AppIcon;
				ASSETCATALOG_COMPILER_LAUNCHIMAGE_NAME = LaunchImage;
				DEVELOPMENT_TEAM = 5J32R9MXM2;
				INFOPLIST_FILE = JPWB/Info.plist;
				IPHONEOS_DEPLOYMENT_TARGET = 9.0;
				LD_RUNPATH_SEARCH_PATHS = "$(inherited) @executable_path/Frameworks";
				PRODUCT_BUNDLE_IDENTIFIER = "com.kuang-chi.JPWB";
				PRODUCT_NAME = "$(TARGET_NAME)";
				SWIFT_VERSION = 3.0;
			};
			name = Debug;
		};
		4A44FFC01DAB631C006B00C7 /* Release */ = {
			isa = XCBuildConfiguration;
			buildSettings = {
				ASSETCATALOG_COMPILER_APPICON_NAME = AppIcon;
				ASSETCATALOG_COMPILER_LAUNCHIMAGE_NAME = LaunchImage;
				DEVELOPMENT_TEAM = 5J32R9MXM2;
				INFOPLIST_FILE = JPWB/Info.plist;
				IPHONEOS_DEPLOYMENT_TARGET = 9.0;
				LD_RUNPATH_SEARCH_PATHS = "$(inherited) @executable_path/Frameworks";
				PRODUCT_BUNDLE_IDENTIFIER = "com.kuang-chi.JPWB";
				PRODUCT_NAME = "$(TARGET_NAME)";
				SWIFT_VERSION = 3.0;
			};
			name = Release;
		};
/* End XCBuildConfiguration section */

/* Begin XCConfigurationList section */
		4A44FFA71DAB631C006B00C7 /* Build configuration list for PBXProject "JPWB" */ = {
			isa = XCConfigurationList;
			buildConfigurations = (
				4A44FFBC1DAB631C006B00C7 /* Debug */,
				4A44FFBD1DAB631C006B00C7 /* Release */,
			);
			defaultConfigurationIsVisible = 0;
			defaultConfigurationName = Release;
		};
		4A44FFBE1DAB631C006B00C7 /* Build configuration list for PBXNativeTarget "JPWB" */ = {
			isa = XCConfigurationList;
			buildConfigurations = (
				4A44FFBF1DAB631C006B00C7 /* Debug */,
				4A44FFC01DAB631C006B00C7 /* Release */,
			);
			defaultConfigurationIsVisible = 0;
			defaultConfigurationName = Release;
		};
/* End XCConfigurationList section */
	};
	rootObject = 4A44FFA41DAB631C006B00C7 /* Project object */;
}
